
Microsoft Visual Studio Solution File, Format Version 12.00
# Visual Studio Version 17
VisualStudioVersion = 17.14.36408.4 d17.14
MinimumVisualStudioVersion = 10.0.40219.1
Project("{FAE04EC0-301F-11D3-BF4B-00C04F79EFBC}") = "AireLine", "EntityFramework-1\AireLine.csproj", "{EB266587-6B99-4B56-93A0-BD472F46C7C5}"
EndProject
Project("{FAE04EC0-301F-11D3-BF4B-00C04F79EFBC}") = "AddITI", "Add ITI\AddITI.csproj", "{F49BB08A-315A-4A5C-9F19-5ED26330226F}"
EndProject
Global
	GlobalSection(SolutionConfigurationPlatforms) = preSolution
		Debug|Any CPU = Debug|Any CPU
		Release|Any CPU = Release|Any CPU
	EndGlobalSection
	GlobalSection(ProjectConfigurationPlatforms) = postSolution
		{EB266587-6B99-4B56-93A0-BD472F46C7C5}.Debug|Any CPU.ActiveCfg = Debug|Any CPU
		{EB266587-6B99-4B56-93A0-BD472F46C7C5}.Debug|Any CPU.Build.0 = Debug|Any CPU
		{EB266587-6B99-4B56-93A0-BD472F46C7C5}.Release|Any CPU.ActiveCfg = Release|Any CPU
		{EB266587-6B99-4B56-93A0-BD472F46C7C5}.Release|Any CPU.Build.0 = Release|Any CPU
		{F49BB08A-315A-4A5C-9F19-5ED26330226F}.Debug|Any CPU.ActiveCfg = Debug|Any CPU
		{F49BB08A-315A-4A5C-9F19-5ED26330226F}.Debug|Any CPU.Build.0 = Debug|Any CPU
		{F49BB08A-315A-4A5C-9F19-5ED26330226F}.Release|Any CPU.ActiveCfg = Release|Any CPU
		{F49BB08A-315A-4A5C-9F19-5ED26330226F}.Release|Any CPU.Build.0 = Release|Any CPU
	EndGlobalSection
	GlobalSection(SolutionProperties) = preSolution
		HideSolutionNode = FALSE
	EndGlobalSection
	GlobalSection(ExtensibilityGlobals) = postSolution
		SolutionGuid = {01497761-597E-43AB-B9F1-57F2DA9914EF}
	EndGlobalSection
EndGlobal
